
Microsoft Visual Studio Solution File, Format Version 12.00
# Visual Studio Version 17
VisualStudioVersion = 17.9.34728.123
MinimumVisualStudioVersion = 10.0.40219.1
Project("{2150E333-8FDC-42A3-9474-1A3956D46DE8}") = "Common", "Common", "{570DCF63-978F-42C1-9F34-B12BEDEC3027}"
EndProject
Project("{2150E333-8FDC-42A3-9474-1A3956D46DE8}") = "Services", "Services", "{FF700026-1983-4B17-9EBF-BEF7B18C75C9}"
EndProject
Project("{9A19103F-16F7-4668-BE54-9A1E7A4F7556}") = "Ech.Executive", "src\Ech.Executive\Ech.Executive.csproj", "{106AEFB5-C928-449A-9BD4-96A943DCED98}"
EndProject
Project("{2150E333-8FDC-42A3-9474-1A3956D46DE8}") = "Ech.Executive", "Ech.Executive", "{ECF6CFF1-5067-43B2-83B2-64872E101B90}"
EndProject
Project("{9A19103F-16F7-4668-BE54-9A1E7A4F7556}") = "Ech.Executive.Models", "src\Ech.Executive.Models\Ech.Executive.Models.csproj", "{95A6EF4F-82AC-4310-88C1-1AE46D3C4860}"
EndProject
Project("{9A19103F-16F7-4668-BE54-9A1E7A4F7556}") = "Ech.WebApi", "src\Ech.WebApi\Ech.WebApi.csproj", "{9DC394E7-F5C4-44B4-BB69-E9A5785FE40A}"
EndProject
Project("{9A19103F-16F7-4668-BE54-9A1E7A4F7556}") = "Ech.Abstractions", "src\Ech.Abstractions\Ech.Abstractions.csproj", "{DE8A3D92-2478-4F19-A6A4-BC2D8CD5F69C}"
EndProject
Project("{9A19103F-16F7-4668-BE54-9A1E7A4F7556}") = "Ech.Common", "src\Ech.Common\Ech.Common.csproj", "{5C9BCE88-6885-4CD0-BB7D-8FA8BD7D42E9}"
EndProject
Project("{2150E333-8FDC-42A3-9474-1A3956D46DE8}") = "Tests", "Tests", "{5DF7C4EE-6352-4071-8ED3-4237AC75ED97}"
EndProject
Project("{9A19103F-16F7-4668-BE54-9A1E7A4F7556}") = "Ech.Common.Test", "src\Ech.Common.Test\Ech.Common.Test.csproj", "{53B984FE-5D14-464D-8F30-A58F45E8D050}"
EndProject
Project("{9A19103F-16F7-4668-BE54-9A1E7A4F7556}") = "Ech.Config", "src\Ech.Config\Ech.Config.csproj", "{CA53A9DE-10FE-4137-AC38-41FC6748CF3C}"
EndProject
Project("{2150E333-8FDC-42A3-9474-1A3956D46DE8}") = "Ecn.ItemSaleMonitor", "Ecn.ItemSaleMonitor", "{9517076D-314B-49A2-A1B5-FD4895B0FF0B}"
EndProject
Project("{9A19103F-16F7-4668-BE54-9A1E7A4F7556}") = "Ech.ItemSaleMonitor", "src\Ech.ItemSaleMonitor\Ech.ItemSaleMonitor.csproj", "{6E19FEBF-74E9-4D7F-8DE1-37896F1FE821}"
EndProject
Global
	GlobalSection(SolutionConfigurationPlatforms) = preSolution
		Debug|Any CPU = Debug|Any CPU
		Release|Any CPU = Release|Any CPU
	EndGlobalSection
	GlobalSection(ProjectConfigurationPlatforms) = postSolution
		{106AEFB5-C928-449A-9BD4-96A943DCED98}.Debug|Any CPU.ActiveCfg = Debug|Any CPU
		{106AEFB5-C928-449A-9BD4-96A943DCED98}.Debug|Any CPU.Build.0 = Debug|Any CPU
		{106AEFB5-C928-449A-9BD4-96A943DCED98}.Release|Any CPU.ActiveCfg = Release|Any CPU
		{106AEFB5-C928-449A-9BD4-96A943DCED98}.Release|Any CPU.Build.0 = Release|Any CPU
		{95A6EF4F-82AC-4310-88C1-1AE46D3C4860}.Debug|Any CPU.ActiveCfg = Debug|Any CPU
		{95A6EF4F-82AC-4310-88C1-1AE46D3C4860}.Debug|Any CPU.Build.0 = Debug|Any CPU
		{95A6EF4F-82AC-4310-88C1-1AE46D3C4860}.Release|Any CPU.ActiveCfg = Release|Any CPU
		{95A6EF4F-82AC-4310-88C1-1AE46D3C4860}.Release|Any CPU.Build.0 = Release|Any CPU
		{9DC394E7-F5C4-44B4-BB69-E9A5785FE40A}.Debug|Any CPU.ActiveCfg = Debug|Any CPU
		{9DC394E7-F5C4-44B4-BB69-E9A5785FE40A}.Debug|Any CPU.Build.0 = Debug|Any CPU
		{9DC394E7-F5C4-44B4-BB69-E9A5785FE40A}.Release|Any CPU.ActiveCfg = Release|Any CPU
		{9DC394E7-F5C4-44B4-BB69-E9A5785FE40A}.Release|Any CPU.Build.0 = Release|Any CPU
		{DE8A3D92-2478-4F19-A6A4-BC2D8CD5F69C}.Debug|Any CPU.ActiveCfg = Debug|Any CPU
		{DE8A3D92-2478-4F19-A6A4-BC2D8CD5F69C}.Debug|Any CPU.Build.0 = Debug|Any CPU
		{DE8A3D92-2478-4F19-A6A4-BC2D8CD5F69C}.Release|Any CPU.ActiveCfg = Release|Any CPU
		{DE8A3D92-2478-4F19-A6A4-BC2D8CD5F69C}.Release|Any CPU.Build.0 = Release|Any CPU
		{5C9BCE88-6885-4CD0-BB7D-8FA8BD7D42E9}.Debug|Any CPU.ActiveCfg = Debug|Any CPU
		{5C9BCE88-6885-4CD0-BB7D-8FA8BD7D42E9}.Debug|Any CPU.Build.0 = Debug|Any CPU
		{5C9BCE88-6885-4CD0-BB7D-8FA8BD7D42E9}.Release|Any CPU.ActiveCfg = Release|Any CPU
		{5C9BCE88-6885-4CD0-BB7D-8FA8BD7D42E9}.Release|Any CPU.Build.0 = Release|Any CPU
		{53B984FE-5D14-464D-8F30-A58F45E8D050}.Debug|Any CPU.ActiveCfg = Debug|Any CPU
		{53B984FE-5D14-464D-8F30-A58F45E8D050}.Debug|Any CPU.Build.0 = Debug|Any CPU
		{53B984FE-5D14-464D-8F30-A58F45E8D050}.Release|Any CPU.ActiveCfg = Release|Any CPU
		{53B984FE-5D14-464D-8F30-A58F45E8D050}.Release|Any CPU.Build.0 = Release|Any CPU
		{CA53A9DE-10FE-4137-AC38-41FC6748CF3C}.Debug|Any CPU.ActiveCfg = Debug|Any CPU
		{CA53A9DE-10FE-4137-AC38-41FC6748CF3C}.Debug|Any CPU.Build.0 = Debug|Any CPU
		{CA53A9DE-10FE-4137-AC38-41FC6748CF3C}.Release|Any CPU.ActiveCfg = Release|Any CPU
		{CA53A9DE-10FE-4137-AC38-41FC6748CF3C}.Release|Any CPU.Build.0 = Release|Any CPU
		{6E19FEBF-74E9-4D7F-8DE1-37896F1FE821}.Debug|Any CPU.ActiveCfg = Debug|Any CPU
		{6E19FEBF-74E9-4D7F-8DE1-37896F1FE821}.Debug|Any CPU.Build.0 = Debug|Any CPU
		{6E19FEBF-74E9-4D7F-8DE1-37896F1FE821}.Release|Any CPU.ActiveCfg = Release|Any CPU
		{6E19FEBF-74E9-4D7F-8DE1-37896F1FE821}.Release|Any CPU.Build.0 = Release|Any CPU
	EndGlobalSection
	GlobalSection(SolutionProperties) = preSolution
		HideSolutionNode = FALSE
	EndGlobalSection
	GlobalSection(NestedProjects) = preSolution
		{106AEFB5-C928-449A-9BD4-96A943DCED98} = {ECF6CFF1-5067-43B2-83B2-64872E101B90}
		{ECF6CFF1-5067-43B2-83B2-64872E101B90} = {FF700026-1983-4B17-9EBF-BEF7B18C75C9}
		{95A6EF4F-82AC-4310-88C1-1AE46D3C4860} = {ECF6CFF1-5067-43B2-83B2-64872E101B90}
		{9DC394E7-F5C4-44B4-BB69-E9A5785FE40A} = {570DCF63-978F-42C1-9F34-B12BEDEC3027}
		{DE8A3D92-2478-4F19-A6A4-BC2D8CD5F69C} = {570DCF63-978F-42C1-9F34-B12BEDEC3027}
		{5C9BCE88-6885-4CD0-BB7D-8FA8BD7D42E9} = {570DCF63-978F-42C1-9F34-B12BEDEC3027}
		{53B984FE-5D14-464D-8F30-A58F45E8D050} = {5DF7C4EE-6352-4071-8ED3-4237AC75ED97}
		{CA53A9DE-10FE-4137-AC38-41FC6748CF3C} = {570DCF63-978F-42C1-9F34-B12BEDEC3027}
		{9517076D-314B-49A2-A1B5-FD4895B0FF0B} = {FF700026-1983-4B17-9EBF-BEF7B18C75C9}
		{6E19FEBF-74E9-4D7F-8DE1-37896F1FE821} = {9517076D-314B-49A2-A1B5-FD4895B0FF0B}
	EndGlobalSection
	GlobalSection(ExtensibilityGlobals) = postSolution
		SolutionGuid = {37D99532-D745-46E3-944D-61B3F2DC08DE}
	EndGlobalSection
EndGlobal
